
Microsoft Visual Studio Solution File, Format Version 12.00
# Visual Studio Version 17
VisualStudioVersion = 17.4.33213.308
MinimumVisualStudioVersion = 10.0.40219.1
Project("{9A19103F-16F7-4668-BE54-9A1E7A4F7556}") = "Ionescu_Serban_Andrei_Lab2", "Ionescu_Serban_Andrei_Lab2\Ionescu_Serban_Andrei_Lab2.csproj", "{0105B214-944E-4290-909D-E3DC80A2D6B6}"
EndProject
Project("{9A19103F-16F7-4668-BE54-9A1E7A4F7556}") = "LibraryModel", "..\LibraryModel\LibraryModel.csproj", "{EF1866C9-5C6C-4CDC-AF27-C60DB23E6F8A}"
EndProject
Project("{9A19103F-16F7-4668-BE54-9A1E7A4F7556}") = "LibraryWebAPI", "..\LibraryWebAPI\LibraryWebAPI.csproj", "{7948A4F1-49CE-4A84-90F5-EA447E5695BF}"
EndProject
Project("{FAE04EC0-301F-11D3-BF4B-00C04F79EFBC}") = "GrpcCustomersService", "GrpcCustomersService\GrpcCustomersService.csproj", "{5FC9B3BD-7EFE-4234-8433-5B8BAC2C4E6B}"
EndProject
Global
	GlobalSection(SolutionConfigurationPlatforms) = preSolution
		Debug|Any CPU = Debug|Any CPU
		Release|Any CPU = Release|Any CPU
	EndGlobalSection
	GlobalSection(ProjectConfigurationPlatforms) = postSolution
		{0105B214-944E-4290-909D-E3DC80A2D6B6}.Debug|Any CPU.ActiveCfg = Debug|Any CPU
		{0105B214-944E-4290-909D-E3DC80A2D6B6}.Debug|Any CPU.Build.0 = Debug|Any CPU
		{0105B214-944E-4290-909D-E3DC80A2D6B6}.Release|Any CPU.ActiveCfg = Release|Any CPU
		{0105B214-944E-4290-909D-E3DC80A2D6B6}.Release|Any CPU.Build.0 = Release|Any CPU
		{EF1866C9-5C6C-4CDC-AF27-C60DB23E6F8A}.Debug|Any CPU.ActiveCfg = Debug|Any CPU
		{EF1866C9-5C6C-4CDC-AF27-C60DB23E6F8A}.Debug|Any CPU.Build.0 = Debug|Any CPU
		{EF1866C9-5C6C-4CDC-AF27-C60DB23E6F8A}.Release|Any CPU.ActiveCfg = Release|Any CPU
		{EF1866C9-5C6C-4CDC-AF27-C60DB23E6F8A}.Release|Any CPU.Build.0 = Release|Any CPU
		{7948A4F1-49CE-4A84-90F5-EA447E5695BF}.Debug|Any CPU.ActiveCfg = Debug|Any CPU
		{7948A4F1-49CE-4A84-90F5-EA447E5695BF}.Debug|Any CPU.Build.0 = Debug|Any CPU
		{7948A4F1-49CE-4A84-90F5-EA447E5695BF}.Release|Any CPU.ActiveCfg = Release|Any CPU
		{7948A4F1-49CE-4A84-90F5-EA447E5695BF}.Release|Any CPU.Build.0 = Release|Any CPU
		{5FC9B3BD-7EFE-4234-8433-5B8BAC2C4E6B}.Debug|Any CPU.ActiveCfg = Debug|Any CPU
		{5FC9B3BD-7EFE-4234-8433-5B8BAC2C4E6B}.Debug|Any CPU.Build.0 = Debug|Any CPU
		{5FC9B3BD-7EFE-4234-8433-5B8BAC2C4E6B}.Release|Any CPU.ActiveCfg = Release|Any CPU
		{5FC9B3BD-7EFE-4234-8433-5B8BAC2C4E6B}.Release|Any CPU.Build.0 = Release|Any CPU
	EndGlobalSection
	GlobalSection(SolutionProperties) = preSolution
		HideSolutionNode = FALSE
	EndGlobalSection
	GlobalSection(ExtensibilityGlobals) = postSolution
		SolutionGuid = {61EFE22D-E105-4F92-A142-CCB9CD52D671}
	EndGlobalSection
EndGlobal
